
Microsoft Visual Studio Solution File, Format Version 12.00
# Visual Studio Version 16
VisualStudioVersion = 16.0.29613.14
MinimumVisualStudioVersion = 10.0.40219.1
Project("{FAE04EC0-301F-11D3-BF4B-00C04F79EFBC}") = "Klinishev_CourseProject_View", "Klinishev_CourseProject_View.csproj", "{3D2096FD-3728-4C02-86FE-864AA4275C42}"
EndProject
Project("{FAE04EC0-301F-11D3-BF4B-00C04F79EFBC}") = "Klinishev_CourseProject_Models", "Klinishev_CourseProject_Models\Klinishev_CourseProject_Models.csproj", "{22535627-7138-4E46-9B2C-17C49B969827}"
EndProject
Project("{FAE04EC0-301F-11D3-BF4B-00C04F79EFBC}") = "Klinishev_CourseProject_Controllers", "Klinishev_CourseProject_Controllers\Klinishev_CourseProject_Controllers.csproj", "{9C4FDFAA-B6B8-4818-9405-40EFE665C349}"
EndProject
Global
	GlobalSection(SolutionConfigurationPlatforms) = preSolution
		Debug|Any CPU = Debug|Any CPU
		Release|Any CPU = Release|Any CPU
	EndGlobalSection
	GlobalSection(ProjectConfigurationPlatforms) = postSolution
		{3D2096FD-3728-4C02-86FE-864AA4275C42}.Debug|Any CPU.ActiveCfg = Debug|Any CPU
		{3D2096FD-3728-4C02-86FE-864AA4275C42}.Debug|Any CPU.Build.0 = Debug|Any CPU
		{3D2096FD-3728-4C02-86FE-864AA4275C42}.Release|Any CPU.ActiveCfg = Release|Any CPU
		{3D2096FD-3728-4C02-86FE-864AA4275C42}.Release|Any CPU.Build.0 = Release|Any CPU
		{22535627-7138-4E46-9B2C-17C49B969827}.Debug|Any CPU.ActiveCfg = Debug|Any CPU
		{22535627-7138-4E46-9B2C-17C49B969827}.Debug|Any CPU.Build.0 = Debug|Any CPU
		{22535627-7138-4E46-9B2C-17C49B969827}.Release|Any CPU.ActiveCfg = Release|Any CPU
		{22535627-7138-4E46-9B2C-17C49B969827}.Release|Any CPU.Build.0 = Release|Any CPU
		{9C4FDFAA-B6B8-4818-9405-40EFE665C349}.Debug|Any CPU.ActiveCfg = Debug|Any CPU
		{9C4FDFAA-B6B8-4818-9405-40EFE665C349}.Debug|Any CPU.Build.0 = Debug|Any CPU
		{9C4FDFAA-B6B8-4818-9405-40EFE665C349}.Release|Any CPU.ActiveCfg = Release|Any CPU
		{9C4FDFAA-B6B8-4818-9405-40EFE665C349}.Release|Any CPU.Build.0 = Release|Any CPU
	EndGlobalSection
	GlobalSection(SolutionProperties) = preSolution
		HideSolutionNode = FALSE
	EndGlobalSection
	GlobalSection(ExtensibilityGlobals) = postSolution
		SolutionGuid = {A639FD4A-4BB5-42FA-890A-6674404645CF}
	EndGlobalSection
EndGlobal
